
Microsoft Visual Studio Solution File, Format Version 12.00
# Visual Studio Version 17
VisualStudioVersion = 17.8.34525.116
MinimumVisualStudioVersion = 10.0.40219.1
Project("{FAE04EC0-301F-11D3-BF4B-00C04F79EFBC}") = "Progra5-Semana05-1", "Progra5-Semana05-1\Progra5-Semana05-1.csproj", "{4A582737-456F-4678-91EE-F49D9057A5BA}"
EndProject
Global
	GlobalSection(SolutionConfigurationPlatforms) = preSolution
		Debug|Any CPU = Debug|Any CPU
		Release|Any CPU = Release|Any CPU
	EndGlobalSection
	GlobalSection(ProjectConfigurationPlatforms) = postSolution
		{4A582737-456F-4678-91EE-F49D9057A5BA}.Debug|Any CPU.ActiveCfg = Debug|Any CPU
		{4A582737-456F-4678-91EE-F49D9057A5BA}.Debug|Any CPU.Build.0 = Debug|Any CPU
		{4A582737-456F-4678-91EE-F49D9057A5BA}.Release|Any CPU.ActiveCfg = Release|Any CPU
		{4A582737-456F-4678-91EE-F49D9057A5BA}.Release|Any CPU.Build.0 = Release|Any CPU
	EndGlobalSection
	GlobalSection(SolutionProperties) = preSolution
		HideSolutionNode = FALSE
	EndGlobalSection
	GlobalSection(ExtensibilityGlobals) = postSolution
		SolutionGuid = {8E4D659E-377D-4790-8296-F7277D12C116}
	EndGlobalSection
EndGlobal
